
Microsoft Visual Studio Solution File, Format Version 12.00
Project("{FAE04EC0-301F-11D3-BF4B-00C04F79EFBC}") = "Phone", "Phone\Phone.csproj", "{903687AA-862A-461B-AB0D-8EDF860C8F6B}"
EndProject
Global
	GlobalSection(SolutionConfigurationPlatforms) = preSolution
		Debug|Any CPU = Debug|Any CPU
		Release|Any CPU = Release|Any CPU
	EndGlobalSection
	GlobalSection(ProjectConfigurationPlatforms) = postSolution
		{903687AA-862A-461B-AB0D-8EDF860C8F6B}.Debug|Any CPU.ActiveCfg = Debug|Any CPU
		{903687AA-862A-461B-AB0D-8EDF860C8F6B}.Debug|Any CPU.Build.0 = Debug|Any CPU
		{903687AA-862A-461B-AB0D-8EDF860C8F6B}.Release|Any CPU.ActiveCfg = Release|Any CPU
		{903687AA-862A-461B-AB0D-8EDF860C8F6B}.Release|Any CPU.Build.0 = Release|Any CPU
	EndGlobalSection
EndGlobal
